
Microsoft Visual Studio Solution File, Format Version 12.00
# Visual Studio Version 17
VisualStudioVersion = 17.11.35327.3
MinimumVisualStudioVersion = 10.0.40219.1
Project("{8BC9CEB8-8B4A-11D0-8D11-00A0C91BC942}") = "CourseWork2TermN1", "CourseWork2TermN1.vcxproj", "{63B30DCE-1893-4DB8-9C00-A6D10518B931}"
EndProject
Global
	GlobalSection(SolutionConfigurationPlatforms) = preSolution
		Debug|x64 = Debug|x64
		Debug|x86 = Debug|x86
		Release|x64 = Release|x64
		Release|x86 = Release|x86
	EndGlobalSection
	GlobalSection(ProjectConfigurationPlatforms) = postSolution
		{63B30DCE-1893-4DB8-9C00-A6D10518B931}.Debug|x64.ActiveCfg = Debug|x64
		{63B30DCE-1893-4DB8-9C00-A6D10518B931}.Debug|x64.Build.0 = Debug|x64
		{63B30DCE-1893-4DB8-9C00-A6D10518B931}.Debug|x86.ActiveCfg = Debug|Win32
		{63B30DCE-1893-4DB8-9C00-A6D10518B931}.Debug|x86.Build.0 = Debug|Win32
		{63B30DCE-1893-4DB8-9C00-A6D10518B931}.Release|x64.ActiveCfg = Release|x64
		{63B30DCE-1893-4DB8-9C00-A6D10518B931}.Release|x64.Build.0 = Release|x64
		{63B30DCE-1893-4DB8-9C00-A6D10518B931}.Release|x86.ActiveCfg = Release|Win32
		{63B30DCE-1893-4DB8-9C00-A6D10518B931}.Release|x86.Build.0 = Release|Win32
	EndGlobalSection
	GlobalSection(SolutionProperties) = preSolution
		HideSolutionNode = FALSE
	EndGlobalSection
	GlobalSection(ExtensibilityGlobals) = postSolution
		SolutionGuid = {7845E939-27B1-4C09-9F1E-942D419310EE}
	EndGlobalSection
EndGlobal
